
Microsoft Visual Studio Solution File, Format Version 12.00
# Visual Studio 15
VisualStudioVersion = 15.0.26730.16
MinimumVisualStudioVersion = 10.0.40219.1
Project("{FAE04EC0-301F-11D3-BF4B-00C04F79EFBC}") = "FlappyBirdNeuralNet", "FlappyBirdNeuralNet\FlappyBirdNeuralNet.csproj", "{94E2FDB9-FFCE-4D20-8845-32721981ACC5}"
EndProject
Global
	GlobalSection(SolutionConfigurationPlatforms) = preSolution
		Debug|x86 = Debug|x86
		Release|x86 = Release|x86
	EndGlobalSection
	GlobalSection(ProjectConfigurationPlatforms) = postSolution
		{94E2FDB9-FFCE-4D20-8845-32721981ACC5}.Debug|x86.ActiveCfg = Debug|x86
		{94E2FDB9-FFCE-4D20-8845-32721981ACC5}.Debug|x86.Build.0 = Debug|x86
		{94E2FDB9-FFCE-4D20-8845-32721981ACC5}.Release|x86.ActiveCfg = Release|x86
		{94E2FDB9-FFCE-4D20-8845-32721981ACC5}.Release|x86.Build.0 = Release|x86
	EndGlobalSection
	GlobalSection(SolutionProperties) = preSolution
		HideSolutionNode = FALSE
	EndGlobalSection
	GlobalSection(ExtensibilityGlobals) = postSolution
		SolutionGuid = {5B4FD0EC-D1C6-494B-B1F6-D6983EFA2A71}
	EndGlobalSection
EndGlobal
